
Microsoft Visual Studio Solution File, Format Version 12.00
# Visual Studio Version 17
VisualStudioVersion = 17.9.34728.123
MinimumVisualStudioVersion = 10.0.40219.1
Project("{FAE04EC0-301F-11D3-BF4B-00C04F79EFBC}") = "PortfolioSite", "PortfolioSite.csproj", "{06046860-8C2C-40F8-BFD0-21764EB26F21}"
EndProject
Global
	GlobalSection(SolutionConfigurationPlatforms) = preSolution
		Debug|Any CPU = Debug|Any CPU
		Release|Any CPU = Release|Any CPU
	EndGlobalSection
	GlobalSection(ProjectConfigurationPlatforms) = postSolution
		{06046860-8C2C-40F8-BFD0-21764EB26F21}.Debug|Any CPU.ActiveCfg = Debug|Any CPU
		{06046860-8C2C-40F8-BFD0-21764EB26F21}.Debug|Any CPU.Build.0 = Debug|Any CPU
		{06046860-8C2C-40F8-BFD0-21764EB26F21}.Release|Any CPU.ActiveCfg = Release|Any CPU
		{06046860-8C2C-40F8-BFD0-21764EB26F21}.Release|Any CPU.Build.0 = Release|Any CPU
	EndGlobalSection
	GlobalSection(SolutionProperties) = preSolution
		HideSolutionNode = FALSE
	EndGlobalSection
	GlobalSection(ExtensibilityGlobals) = postSolution
		SolutionGuid = {E3AD7269-97C6-413E-8B71-85E4557BC65A}
	EndGlobalSection
EndGlobal
